{
	"name": "@ixjb94/backtest",
	"version": "1.0.0",
	"lockfileVersion": 3,
	"requires": true,
	"packages": {
		"": {
			"name": "@ixjb94/backtest",
			"version": "1.0.0",
			"license": "MIT",
			"dependencies": {
				"@ixjb94/indicators": "^1.0.18"
			},
			"devDependencies": {
				"@types/node": "*"
			}
		},
		"node_modules/@ixjb94/indicators": {
			"version": "1.0.18",
			"resolved": "https://registry.npmjs.org/@ixjb94/indicators/-/indicators-1.0.18.tgz",
			"integrity": "sha512-Lk+/fNMA2hUGbIMjHcFWE+7OP9dItDAXfEhQVDrKf7sLVMiuRCnmMIsa6Z7kkxdy3icMyXpJwAnwqJXFuBdQTQ=="
		},
		"node_modules/@types/node": {
			"version": "18.11.17",
			"resolved": "https://registry.npmjs.org/@types/node/-/node-18.11.17.tgz",
			"integrity": "sha512-HJSUJmni4BeDHhfzn6nF0sVmd1SMezP7/4F0Lq+aXzmp2xm9O7WXrUtHW/CHlYVtZUbByEvWidHqRtcJXGF2Ng==",
			"dev": true
		}
	}
}
